
Microsoft Visual Studio Solution File, Format Version 12.00
# Visual Studio Version 17
VisualStudioVersion = 17.0.31919.166
MinimumVisualStudioVersion = 10.0.40219.1
Project("{888888A0-9F3D-457C-B088-3A5042F75D52}") = "Advent of Code", "Advent of Code\Advent of Code.pyproj", "{726A8367-BEC2-475E-8C7A-12F09181C1BC}"
EndProject
Global
	GlobalSection(SolutionConfigurationPlatforms) = preSolution
		Debug|Any CPU = Debug|Any CPU
		Release|Any CPU = Release|Any CPU
	EndGlobalSection
	GlobalSection(ProjectConfigurationPlatforms) = postSolution
		{726A8367-BEC2-475E-8C7A-12F09181C1BC}.Debug|Any CPU.ActiveCfg = Debug|Any CPU
		{726A8367-BEC2-475E-8C7A-12F09181C1BC}.Release|Any CPU.ActiveCfg = Release|Any CPU
	EndGlobalSection
	GlobalSection(SolutionProperties) = preSolution
		HideSolutionNode = FALSE
	EndGlobalSection
	GlobalSection(ExtensibilityGlobals) = postSolution
		SolutionGuid = {A0755381-707C-466D-94C7-0973376B9ABA}
	EndGlobalSection
EndGlobal
